
Microsoft Visual Studio Solution File, Format Version 12.00
Project("{FAE04EC0-301F-11D3-BF4B-00C04F79EFBC}") = "Personel", "Personel\Personel.csproj", "{799AC8D9-79E3-4B7F-924E-77FCC241945F}"
EndProject
Project("{FAE04EC0-301F-11D3-BF4B-00C04F79EFBC}") = "SystemWnioskow", "SystemWnioskow\SystemWnioskow.csproj", "{2E9AC7B2-17DE-47C0-BEFD-F9A0BB44085A}"
EndProject
Global
	GlobalSection(SolutionConfigurationPlatforms) = preSolution
		Debug|Any CPU = Debug|Any CPU
		Release|Any CPU = Release|Any CPU
	EndGlobalSection
	GlobalSection(ProjectConfigurationPlatforms) = postSolution
		{799AC8D9-79E3-4B7F-924E-77FCC241945F}.Debug|Any CPU.ActiveCfg = Debug|Any CPU
		{799AC8D9-79E3-4B7F-924E-77FCC241945F}.Debug|Any CPU.Build.0 = Debug|Any CPU
		{799AC8D9-79E3-4B7F-924E-77FCC241945F}.Release|Any CPU.ActiveCfg = Release|Any CPU
		{799AC8D9-79E3-4B7F-924E-77FCC241945F}.Release|Any CPU.Build.0 = Release|Any CPU
		{2E9AC7B2-17DE-47C0-BEFD-F9A0BB44085A}.Debug|Any CPU.ActiveCfg = Debug|Any CPU
		{2E9AC7B2-17DE-47C0-BEFD-F9A0BB44085A}.Debug|Any CPU.Build.0 = Debug|Any CPU
		{2E9AC7B2-17DE-47C0-BEFD-F9A0BB44085A}.Release|Any CPU.ActiveCfg = Release|Any CPU
		{2E9AC7B2-17DE-47C0-BEFD-F9A0BB44085A}.Release|Any CPU.Build.0 = Release|Any CPU
	EndGlobalSection
EndGlobal
